
Microsoft Visual Studio Solution File, Format Version 12.00
# Visual Studio Version 16
VisualStudioVersion = 16.0.28803.352
MinimumVisualStudioVersion = 10.0.40219.1
Project("{FAE04EC0-301F-11D3-BF4B-00C04F79EFBC}") = "Phonebook", "Phonebook\Phonebook.csproj", "{538D4333-B181-4200-9FB2-5664F7E994DB}"
EndProject
Project("{2150E333-8FDC-42A3-9474-1A3956D46DE8}") = "DevExtreme NuGet.config", "DevExtreme NuGet.config", "{A8337FEE-752C-47CD-9169-975CE0892B09}"
	ProjectSection(SolutionItems) = preProject
		NuGet.config = NuGet.config
	EndProjectSection
EndProject
Global
	GlobalSection(SolutionConfigurationPlatforms) = preSolution
		Debug|Any CPU = Debug|Any CPU
		Release|Any CPU = Release|Any CPU
	EndGlobalSection
	GlobalSection(ProjectConfigurationPlatforms) = postSolution
		{538D4333-B181-4200-9FB2-5664F7E994DB}.Debug|Any CPU.ActiveCfg = Debug|Any CPU
		{538D4333-B181-4200-9FB2-5664F7E994DB}.Debug|Any CPU.Build.0 = Debug|Any CPU
		{538D4333-B181-4200-9FB2-5664F7E994DB}.Release|Any CPU.ActiveCfg = Release|Any CPU
		{538D4333-B181-4200-9FB2-5664F7E994DB}.Release|Any CPU.Build.0 = Release|Any CPU
	EndGlobalSection
	GlobalSection(SolutionProperties) = preSolution
		HideSolutionNode = FALSE
	EndGlobalSection
	GlobalSection(ExtensibilityGlobals) = postSolution
		SolutionGuid = {B82577E9-D49E-4EBC-A0B0-97B629920944}
	EndGlobalSection
EndGlobal
